{
  "requires": true,
  "lockfileVersion": 1,
  "dependencies": {
    "bootstrap": {
      "version": "4.1.1",
      "resolved": "https://registry.npmjs.org/bootstrap/-/bootstrap-4.1.1.tgz",
      "integrity": "sha512-SpiDSOcbg4J/PjVSt4ny5eY6j74VbVSjROY4Fb/WIUXBV9cnb5luyR4KnPvNoXuGnBK1T+nJIWqRsvU3yP8Mcg=="
    },
    "ngx-bootstrap": {
      "version": "3.0.1",
      "resolved": "https://registry.npmjs.org/ngx-bootstrap/-/ngx-bootstrap-3.0.1.tgz",
      "integrity": "sha512-ni91yYtn8ldgf/pxrlwl9lkVcLURGzopSpJnEbbgG1v1EZWTobI8y7J3mx4Kxptkn0EeiQwnLel67G7XJSox4A=="
    }
  }
}
